
Microsoft Visual Studio Solution File, Format Version 12.00
# Visual Studio Version 17
VisualStudioVersion = 17.14.36915.13 d17.14
MinimumVisualStudioVersion = 10.0.40219.1
Project("{FAE04EC0-301F-11D3-BF4B-00C04F79EFBC}") = "Amazon", "Amazon.csproj", "{AEEB42A4-3273-4949-A2AF-52528CB859D9}"
EndProject
Global
	GlobalSection(SolutionConfigurationPlatforms) = preSolution
		Debug|Any CPU = Debug|Any CPU
		Release|Any CPU = Release|Any CPU
	EndGlobalSection
	GlobalSection(ProjectConfigurationPlatforms) = postSolution
		{AEEB42A4-3273-4949-A2AF-52528CB859D9}.Debug|Any CPU.ActiveCfg = Debug|Any CPU
		{AEEB42A4-3273-4949-A2AF-52528CB859D9}.Debug|Any CPU.Build.0 = Debug|Any CPU
		{AEEB42A4-3273-4949-A2AF-52528CB859D9}.Release|Any CPU.ActiveCfg = Release|Any CPU
		{AEEB42A4-3273-4949-A2AF-52528CB859D9}.Release|Any CPU.Build.0 = Release|Any CPU
	EndGlobalSection
	GlobalSection(SolutionProperties) = preSolution
		HideSolutionNode = FALSE
	EndGlobalSection
	GlobalSection(ExtensibilityGlobals) = postSolution
		SolutionGuid = {2804DCBC-5001-4C6E-9BCF-539DF2951164}
	EndGlobalSection
EndGlobal
